// !$*UTF8*$!
{
	archiveVersion = 1;
	classes = {
	};
	objectVersion = 46;
	objects = {

/* Begin PBXBuildFile section */
		19E675721B029FC000D41FD7 /* AppDelegate.swift in Sources */ = {isa = PBXBuildFile; fileRef = 19E675711B029FC000D41FD7 /* AppDelegate.swift */; };
		19E675741B029FC000D41FD7 /* ViewController.swift in Sources */ = {isa = PBXBuildFile; fileRef = 19E675731B029FC000D41FD7 /* ViewController.swift */; };
		19E675771B029FC000D41FD7 /* Main.storyboard in Resources */ = {isa = PBXBuildFile; fileRef = 19E675751B029FC000D41FD7 /* Main.storyboard */; };
		19E675791B029FC000D41FD7 /* Images.xcassets in Resources */ = {isa = PBXBuildFile; fileRef = 19E675781B029FC000D41FD7 /* Images.xcassets */; };
		19E6757C1B029FC000D41FD7 /* LaunchScreen.xib in Resources */ = {isa = PBXBuildFile; fileRef = 19E6757A1B029FC000D41FD7 /* LaunchScreen.xib */; };
		19E675881B029FC000D41FD7 /* VideoSampleTests.swift in Sources */ = {isa = PBXBuildFile; fileRef = 19E675871B029FC000D41FD7 /* VideoSampleTests.swift */; };
		19E675921B02A25400D41FD7 /* VideoSample.bundle in Resources */ = {isa = PBXBuildFile; fileRef = 19E675911B02A25400D41FD7 /* VideoSample.bundle */; };
		19E675941B02A2A400D41FD7 /* .gitignore in Resources */ = {isa = PBXBuildFile; fileRef = 19E675931B02A2A400D41FD7 /* .gitignore */; };
		19E675961B02B15A00D41FD7 /* AVAsset.swift in Sources */ = {isa = PBXBuildFile; fileRef = 19E675951B02B15A00D41FD7 /* AVAsset.swift */; };
		19E675A21B02BF6000D41FD7 /* SVIndefiniteAnimatedView.m in Sources */ = {isa = PBXBuildFile; fileRef = 19E6759C1B02BF6000D41FD7 /* SVIndefiniteAnimatedView.m */; };
		19E675A31B02BF6000D41FD7 /* SVProgressHUD.bundle in Resources */ = {isa = PBXBuildFile; fileRef = 19E6759D1B02BF6000D41FD7 /* SVProgressHUD.bundle */; };
		19E675A41B02BF6000D41FD7 /* SVProgressHUD.m in Sources */ = {isa = PBXBuildFile; fileRef = 19E6759F1B02BF6000D41FD7 /* SVProgressHUD.m */; };
/* End PBXBuildFile section */

/* Begin PBXContainerItemProxy section */
		19E675821B029FC000D41FD7 /* PBXContainerItemProxy */ = {
			isa = PBXContainerItemProxy;
			containerPortal = 19E675641B029FC000D41FD7 /* Project object */;
			proxyType = 1;
			remoteGlobalIDString = 19E6756B1B029FC000D41FD7;
			remoteInfo = VideoSample;
		};
/* End PBXContainerItemProxy section */

/* Begin PBXFileReference section */
		19E6756C1B029FC000D41FD7 /* VideoSample.app */ = {isa = PBXFileReference; explicitFileType = wrapper.application; includeInIndex = 0; path = VideoSample.app; sourceTree = BUILT_PRODUCTS_DIR; };
		19E675701B029FC000D41FD7 /* Info.plist */ = {isa = PBXFileReference; lastKnownFileType = text.plist.xml; path = Info.plist; sourceTree = "<group>"; };
		19E675711B029FC000D41FD7 /* AppDelegate.swift */ = {isa = PBXFileReference; lastKnownFileType = sourcecode.swift; path = AppDelegate.swift; sourceTree = "<group>"; };
		19E675731B029FC000D41FD7 /* ViewController.swift */ = {isa = PBXFileReference; lastKnownFileType = sourcecode.swift; path = ViewController.swift; sourceTree = "<group>"; };
		19E675761B029FC000D41FD7 /* Base */ = {isa = PBXFileReference; lastKnownFileType = file.storyboard; name = Base; path = Base.lproj/Main.storyboard; sourceTree = "<group>"; };
		19E675781B029FC000D41FD7 /* Images.xcassets */ = {isa = PBXFileReference; lastKnownFileType = folder.assetcatalog; path = Images.xcassets; sourceTree = "<group>"; };
		19E6757B1B029FC000D41FD7 /* Base */ = {isa = PBXFileReference; lastKnownFileType = file.xib; name = Base; path = Base.lproj/LaunchScreen.xib; sourceTree = "<group>"; };
		19E675811B029FC000D41FD7 /* VideoSampleTests.xctest */ = {isa = PBXFileReference; explicitFileType = wrapper.cfbundle; includeInIndex = 0; path = VideoSampleTests.xctest; sourceTree = BUILT_PRODUCTS_DIR; };
		19E675861B029FC000D41FD7 /* Info.plist */ = {isa = PBXFileReference; lastKnownFileType = text.plist.xml; path = Info.plist; sourceTree = "<group>"; };
		19E675871B029FC000D41FD7 /* VideoSampleTests.swift */ = {isa = PBXFileReference; lastKnownFileType = sourcecode.swift; path = VideoSampleTests.swift; sourceTree = "<group>"; };
		19E675911B02A25400D41FD7 /* VideoSample.bundle */ = {isa = PBXFileReference; lastKnownFileType = "wrapper.plug-in"; path = VideoSample.bundle; sourceTree = "<group>"; };
		19E675931B02A2A400D41FD7 /* .gitignore */ = {isa = PBXFileReference; fileEncoding = 4; lastKnownFileType = text; path = .gitignore; sourceTree = SOURCE_ROOT; };
		19E675951B02B15A00D41FD7 /* AVAsset.swift */ = {isa = PBXFileReference; fileEncoding = 4; lastKnownFileType = sourcecode.swift; path = AVAsset.swift; sourceTree = "<group>"; };
		19E6759B1B02BF6000D41FD7 /* SVIndefiniteAnimatedView.h */ = {isa = PBXFileReference; fileEncoding = 4; lastKnownFileType = sourcecode.c.h; path = SVIndefiniteAnimatedView.h; sourceTree = "<group>"; };
		19E6759C1B02BF6000D41FD7 /* SVIndefiniteAnimatedView.m */ = {isa = PBXFileReference; fileEncoding = 4; lastKnownFileType = sourcecode.c.objc; path = SVIndefiniteAnimatedView.m; sourceTree = "<group>"; };
		19E6759D1B02BF6000D41FD7 /* SVProgressHUD.bundle */ = {isa = PBXFileReference; lastKnownFileType = "wrapper.plug-in"; path = SVProgressHUD.bundle; sourceTree = "<group>"; };
		19E6759E1B02BF6000D41FD7 /* SVProgressHUD.h */ = {isa = PBXFileReference; fileEncoding = 4; lastKnownFileType = sourcecode.c.h; path = SVProgressHUD.h; sourceTree = "<group>"; };
		19E6759F1B02BF6000D41FD7 /* SVProgressHUD.m */ = {isa = PBXFileReference; fileEncoding = 4; lastKnownFileType = sourcecode.c.objc; path = SVProgressHUD.m; sourceTree = "<group>"; };
		19E675A51B02BF8900D41FD7 /* Bridging-Header.h */ = {isa = PBXFileReference; fileEncoding = 4; lastKnownFileType = sourcecode.c.h; path = "Bridging-Header.h"; sourceTree = "<group>"; };
/* End PBXFileReference section */

/* Begin PBXFrameworksBuildPhase section */
		19E675691B029FC000D41FD7 /* Frameworks */ = {
			isa = PBXFrameworksBuildPhase;
			buildActionMask = 2147483647;
			files = (
			);
			runOnlyForDeploymentPostprocessing = 0;
		};
		19E6757E1B029FC000D41FD7 /* Frameworks */ = {
			isa = PBXFrameworksBuildPhase;
			buildActionMask = 2147483647;
			files = (
			);
			runOnlyForDeploymentPostprocessing = 0;
		};
/* End PBXFrameworksBuildPhase section */

/* Begin PBXGroup section */
		19E675631B029FC000D41FD7 = {
			isa = PBXGroup;
			children = (
				19E675931B02A2A400D41FD7 /* .gitignore */,
				19E6756D1B029FC000D41FD7 /* Products */,
				19E6756E1B029FC000D41FD7 /* VideoSample */,
				19E675841B029FC000D41FD7 /* VideoSampleTests */,
			);
			sourceTree = "<group>";
		};
		19E6756D1B029FC000D41FD7 /* Products */ = {
			isa = PBXGroup;
			children = (
				19E6756C1B029FC000D41FD7 /* VideoSample.app */,
				19E675811B029FC000D41FD7 /* VideoSampleTests.xctest */,
			);
			name = Products;
			sourceTree = "<group>";
		};
		19E6756E1B029FC000D41FD7 /* VideoSample */ = {
			isa = PBXGroup;
			children = (
				19E675A51B02BF8900D41FD7 /* Bridging-Header.h */,
				19E675711B029FC000D41FD7 /* AppDelegate.swift */,
				19E675951B02B15A00D41FD7 /* AVAsset.swift */,
				19E675781B029FC000D41FD7 /* Images.xcassets */,
				19E6757A1B029FC000D41FD7 /* LaunchScreen.xib */,
				19E675751B029FC000D41FD7 /* Main.storyboard */,
				19E6756F1B029FC000D41FD7 /* Supporting Files */,
				19E675971B02BF6000D41FD7 /* Vendors */,
				19E675911B02A25400D41FD7 /* VideoSample.bundle */,
				19E675731B029FC000D41FD7 /* ViewController.swift */,
			);
			path = VideoSample;
			sourceTree = "<group>";
		};
		19E6756F1B029FC000D41FD7 /* Supporting Files */ = {
			isa = PBXGroup;
			children = (
				19E675701B029FC000D41FD7 /* Info.plist */,
			);
			name = "Supporting Files";
			sourceTree = "<group>";
		};
		19E675841B029FC000D41FD7 /* VideoSampleTests */ = {
			isa = PBXGroup;
			children = (
				19E675871B029FC000D41FD7 /* VideoSampleTests.swift */,
				19E675851B029FC000D41FD7 /* Supporting Files */,
			);
			path = VideoSampleTests;
			sourceTree = "<group>";
		};
		19E675851B029FC000D41FD7 /* Supporting Files */ = {
			isa = PBXGroup;
			children = (
				19E675861B029FC000D41FD7 /* Info.plist */,
			);
			name = "Supporting Files";
			sourceTree = "<group>";
		};
		19E675971B02BF6000D41FD7 /* Vendors */ = {
			isa = PBXGroup;
			children = (
				19E675981B02BF6000D41FD7 /* SVProgressHUD */,
			);
			path = Vendors;
			sourceTree = "<group>";
		};
		19E675981B02BF6000D41FD7 /* SVProgressHUD */ = {
			isa = PBXGroup;
			children = (
				19E6759B1B02BF6000D41FD7 /* SVIndefiniteAnimatedView.h */,
				19E6759C1B02BF6000D41FD7 /* SVIndefiniteAnimatedView.m */,
				19E6759D1B02BF6000D41FD7 /* SVProgressHUD.bundle */,
				19E6759E1B02BF6000D41FD7 /* SVProgressHUD.h */,
				19E6759F1B02BF6000D41FD7 /* SVProgressHUD.m */,
			);
			path = SVProgressHUD;
			sourceTree = "<group>";
		};
/* End PBXGroup section */

/* Begin PBXNativeTarget section */
		19E6756B1B029FC000D41FD7 /* VideoSample */ = {
			isa = PBXNativeTarget;
			buildConfigurationList = 19E6758B1B029FC000D41FD7 /* Build configuration list for PBXNativeTarget "VideoSample" */;
			buildPhases = (
				19E675681B029FC000D41FD7 /* Sources */,
				19E675691B029FC000D41FD7 /* Frameworks */,
				19E6756A1B029FC000D41FD7 /* Resources */,
			);
			buildRules = (
			);
			dependencies = (
			);
			name = VideoSample;
			productName = VideoSample;
			productReference = 19E6756C1B029FC000D41FD7 /* VideoSample.app */;
			productType = "com.apple.product-type.application";
		};
		19E675801B029FC000D41FD7 /* VideoSampleTests */ = {
			isa = PBXNativeTarget;
			buildConfigurationList = 19E6758E1B029FC000D41FD7 /* Build configuration list for PBXNativeTarget "VideoSampleTests" */;
			buildPhases = (
				19E6757D1B029FC000D41FD7 /* Sources */,
				19E6757E1B029FC000D41FD7 /* Frameworks */,
				19E6757F1B029FC000D41FD7 /* Resources */,
			);
			buildRules = (
			);
			dependencies = (
				19E675831B029FC000D41FD7 /* PBXTargetDependency */,
			);
			name = VideoSampleTests;
			productName = VideoSampleTests;
			productReference = 19E675811B029FC000D41FD7 /* VideoSampleTests.xctest */;
			productType = "com.apple.product-type.bundle.unit-test";
		};
/* End PBXNativeTarget section */

/* Begin PBXProject section */
		19E675641B029FC000D41FD7 /* Project object */ = {
			isa = PBXProject;
			attributes = {
				LastUpgradeCheck = 0630;
				ORGANIZATIONNAME = "Interactive Athletes Inc";
				TargetAttributes = {
					19E6756B1B029FC000D41FD7 = {
						CreatedOnToolsVersion = 6.3.1;
					};
					19E675801B029FC000D41FD7 = {
						CreatedOnToolsVersion = 6.3.1;
						TestTargetID = 19E6756B1B029FC000D41FD7;
					};
				};
			};
			buildConfigurationList = 19E675671B029FC000D41FD7 /* Build configuration list for PBXProject "VideoSample" */;
			compatibilityVersion = "Xcode 3.2";
			developmentRegion = English;
			hasScannedForEncodings = 0;
			knownRegions = (
				en,
				Base,
			);
			mainGroup = 19E675631B029FC000D41FD7;
			productRefGroup = 19E6756D1B029FC000D41FD7 /* Products */;
			projectDirPath = "";
			projectRoot = "";
			targets = (
				19E6756B1B029FC000D41FD7 /* VideoSample */,
				19E675801B029FC000D41FD7 /* VideoSampleTests */,
			);
		};
/* End PBXProject section */

/* Begin PBXResourcesBuildPhase section */
		19E6756A1B029FC000D41FD7 /* Resources */ = {
			isa = PBXResourcesBuildPhase;
			buildActionMask = 2147483647;
			files = (
				19E675A31B02BF6000D41FD7 /* SVProgressHUD.bundle in Resources */,
				19E675941B02A2A400D41FD7 /* .gitignore in Resources */,
				19E675771B029FC000D41FD7 /* Main.storyboard in Resources */,
				19E6757C1B029FC000D41FD7 /* LaunchScreen.xib in Resources */,
				19E675791B029FC000D41FD7 /* Images.xcassets in Resources */,
				19E675921B02A25400D41FD7 /* VideoSample.bundle in Resources */,
			);
			runOnlyForDeploymentPostprocessing = 0;
		};
		19E6757F1B029FC000D41FD7 /* Resources */ = {
			isa = PBXResourcesBuildPhase;
			buildActionMask = 2147483647;
			files = (
			);
			runOnlyForDeploymentPostprocessing = 0;
		};
/* End PBXResourcesBuildPhase section */

/* Begin PBXSourcesBuildPhase section */
		19E675681B029FC000D41FD7 /* Sources */ = {
			isa = PBXSourcesBuildPhase;
			buildActionMask = 2147483647;
			files = (
				19E675A21B02BF6000D41FD7 /* SVIndefiniteAnimatedView.m in Sources */,
				19E675741B029FC000D41FD7 /* ViewController.swift in Sources */,
				19E675961B02B15A00D41FD7 /* AVAsset.swift in Sources */,
				19E675721B029FC000D41FD7 /* AppDelegate.swift in Sources */,
				19E675A41B02BF6000D41FD7 /* SVProgressHUD.m in Sources */,
			);
			runOnlyForDeploymentPostprocessing = 0;
		};
		19E6757D1B029FC000D41FD7 /* Sources */ = {
			isa = PBXSourcesBuildPhase;
			buildActionMask = 2147483647;
			files = (
				19E675881B029FC000D41FD7 /* VideoSampleTests.swift in Sources */,
			);
			runOnlyForDeploymentPostprocessing = 0;
		};
/* End PBXSourcesBuildPhase section */

/* Begin PBXTargetDependency section */
		19E675831B029FC000D41FD7 /* PBXTargetDependency */ = {
			isa = PBXTargetDependency;
			target = 19E6756B1B029FC000D41FD7 /* VideoSample */;
			targetProxy = 19E675821B029FC000D41FD7 /* PBXContainerItemProxy */;
		};
/* End PBXTargetDependency section */

/* Begin PBXVariantGroup section */
		19E675751B029FC000D41FD7 /* Main.storyboard */ = {
			isa = PBXVariantGroup;
			children = (
				19E675761B029FC000D41FD7 /* Base */,
			);
			name = Main.storyboard;
			sourceTree = "<group>";
		};
		19E6757A1B029FC000D41FD7 /* LaunchScreen.xib */ = {
			isa = PBXVariantGroup;
			children = (
				19E6757B1B029FC000D41FD7 /* Base */,
			);
			name = LaunchScreen.xib;
			sourceTree = "<group>";
		};
/* End PBXVariantGroup section */

/* Begin XCBuildConfiguration section */
		19E675891B029FC000D41FD7 /* Debug */ = {
			isa = XCBuildConfiguration;
			buildSettings = {
				ALWAYS_SEARCH_USER_PATHS = NO;
				CLANG_CXX_LANGUAGE_STANDARD = "gnu++0x";
				CLANG_CXX_LIBRARY = "libc++";
				CLANG_ENABLE_MODULES = YES;
				CLANG_ENABLE_OBJC_ARC = YES;
				CLANG_WARN_BOOL_CONVERSION = YES;
				CLANG_WARN_CONSTANT_CONVERSION = YES;
				CLANG_WARN_DIRECT_OBJC_ISA_USAGE = YES_ERROR;
				CLANG_WARN_EMPTY_BODY = YES;
				CLANG_WARN_ENUM_CONVERSION = YES;
				CLANG_WARN_INT_CONVERSION = YES;
				CLANG_WARN_OBJC_ROOT_CLASS = YES_ERROR;
				CLANG_WARN_UNREACHABLE_CODE = YES;
				CLANG_WARN__DUPLICATE_METHOD_MATCH = YES;
				"CODE_SIGN_IDENTITY[sdk=iphoneos*]" = "iPhone Developer";
				COPY_PHASE_STRIP = NO;
				DEBUG_INFORMATION_FORMAT = "dwarf-with-dsym";
				ENABLE_STRICT_OBJC_MSGSEND = YES;
				GCC_C_LANGUAGE_STANDARD = gnu99;
				GCC_DYNAMIC_NO_PIC = NO;
				GCC_NO_COMMON_BLOCKS = YES;
				GCC_OPTIMIZATION_LEVEL = 0;
				GCC_PREPROCESSOR_DEFINITIONS = (
					"DEBUG=1",
					"$(inherited)",
				);
				GCC_SYMBOLS_PRIVATE_EXTERN = NO;
				GCC_WARN_64_TO_32_BIT_CONVERSION = YES;
				GCC_WARN_ABOUT_RETURN_TYPE = YES_ERROR;
				GCC_WARN_UNDECLARED_SELECTOR = YES;
				GCC_WARN_UNINITIALIZED_AUTOS = YES_AGGRESSIVE;
				GCC_WARN_UNUSED_FUNCTION = YES;
				GCC_WARN_UNUSED_VARIABLE = YES;
				IPHONEOS_DEPLOYMENT_TARGET = 8.0;
				MTL_ENABLE_DEBUG_INFO = YES;
				ONLY_ACTIVE_ARCH = YES;
				SDKROOT = iphoneos;
				SWIFT_OPTIMIZATION_LEVEL = "-Onone";
				TARGETED_DEVICE_FAMILY = "1,2";
			};
			name = Debug;
		};
		19E6758A1B029FC000D41FD7 /* Release */ = {
			isa = XCBuildConfiguration;
			buildSettings = {
				ALWAYS_SEARCH_USER_PATHS = NO;
				CLANG_CXX_LANGUAGE_STANDARD = "gnu++0x";
				CLANG_CXX_LIBRARY = "libc++";
				CLANG_ENABLE_MODULES = YES;
				CLANG_ENABLE_OBJC_ARC = YES;
				CLANG_WARN_BOOL_CONVERSION = YES;
				CLANG_WARN_CONSTANT_CONVERSION = YES;
				CLANG_WARN_DIRECT_OBJC_ISA_USAGE = YES_ERROR;
				CLANG_WARN_EMPTY_BODY = YES;
				CLANG_WARN_ENUM_CONVERSION = YES;
				CLANG_WARN_INT_CONVERSION = YES;
				CLANG_WARN_OBJC_ROOT_CLASS = YES_ERROR;
				CLANG_WARN_UNREACHABLE_CODE = YES;
				CLANG_WARN__DUPLICATE_METHOD_MATCH = YES;
				"CODE_SIGN_IDENTITY[sdk=iphoneos*]" = "iPhone Developer";
				COPY_PHASE_STRIP = NO;
				DEBUG_INFORMATION_FORMAT = "dwarf-with-dsym";
				ENABLE_NS_ASSERTIONS = NO;
				ENABLE_STRICT_OBJC_MSGSEND = YES;
				GCC_C_LANGUAGE_STANDARD = gnu99;
				GCC_NO_COMMON_BLOCKS = YES;
				GCC_WARN_64_TO_32_BIT_CONVERSION = YES;
				GCC_WARN_ABOUT_RETURN_TYPE = YES_ERROR;
				GCC_WARN_UNDECLARED_SELECTOR = YES;
				GCC_WARN_UNINITIALIZED_AUTOS = YES_AGGRESSIVE;
				GCC_WARN_UNUSED_FUNCTION = YES;
				GCC_WARN_UNUSED_VARIABLE = YES;
				IPHONEOS_DEPLOYMENT_TARGET = 8.0;
				MTL_ENABLE_DEBUG_INFO = NO;
				SDKROOT = iphoneos;
				TARGETED_DEVICE_FAMILY = "1,2";
				VALIDATE_PRODUCT = YES;
			};
			name = Release;
		};
		19E6758C1B029FC000D41FD7 /* Debug */ = {
			isa = XCBuildConfiguration;
			buildSettings = {
				ASSETCATALOG_COMPILER_APPICON_NAME = AppIcon;
				INFOPLIST_FILE = VideoSample/Info.plist;
				LD_RUNPATH_SEARCH_PATHS = "$(inherited) @executable_path/Frameworks";
				PRODUCT_NAME = "$(TARGET_NAME)";
				SWIFT_OBJC_BRIDGING_HEADER = "VideoSample/Bridging-Header.h";
			};
			name = Debug;
		};
		19E6758D1B029FC000D41FD7 /* Release */ = {
			isa = XCBuildConfiguration;
			buildSettings = {
				ASSETCATALOG_COMPILER_APPICON_NAME = AppIcon;
				INFOPLIST_FILE = VideoSample/Info.plist;
				LD_RUNPATH_SEARCH_PATHS = "$(inherited) @executable_path/Frameworks";
				PRODUCT_NAME = "$(TARGET_NAME)";
				SWIFT_OBJC_BRIDGING_HEADER = "VideoSample/Bridging-Header.h";
			};
			name = Release;
		};
		19E6758F1B029FC000D41FD7 /* Debug */ = {
			isa = XCBuildConfiguration;
			buildSettings = {
				BUNDLE_LOADER = "$(TEST_HOST)";
				FRAMEWORK_SEARCH_PATHS = (
					"$(SDKROOT)/Developer/Library/Frameworks",
					"$(inherited)",
				);
				GCC_PREPROCESSOR_DEFINITIONS = (
					"DEBUG=1",
					"$(inherited)",
				);
				INFOPLIST_FILE = VideoSampleTests/Info.plist;
				LD_RUNPATH_SEARCH_PATHS = "$(inherited) @executable_path/Frameworks @loader_path/Frameworks";
				PRODUCT_NAME = "$(TARGET_NAME)";
				TEST_HOST = "$(BUILT_PRODUCTS_DIR)/VideoSample.app/VideoSample";
			};
			name = Debug;
		};
		19E675901B029FC000D41FD7 /* Release */ = {
			isa = XCBuildConfiguration;
			buildSettings = {
				BUNDLE_LOADER = "$(TEST_HOST)";
				FRAMEWORK_SEARCH_PATHS = (
					"$(SDKROOT)/Developer/Library/Frameworks",
					"$(inherited)",
				);
				INFOPLIST_FILE = VideoSampleTests/Info.plist;
				LD_RUNPATH_SEARCH_PATHS = "$(inherited) @executable_path/Frameworks @loader_path/Frameworks";
				PRODUCT_NAME = "$(TARGET_NAME)";
				TEST_HOST = "$(BUILT_PRODUCTS_DIR)/VideoSample.app/VideoSample";
			};
			name = Release;
		};
/* End XCBuildConfiguration section */

/* Begin XCConfigurationList section */
		19E675671B029FC000D41FD7 /* Build configuration list for PBXProject "VideoSample" */ = {
			isa = XCConfigurationList;
			buildConfigurations = (
				19E675891B029FC000D41FD7 /* Debug */,
				19E6758A1B029FC000D41FD7 /* Release */,
			);
			defaultConfigurationIsVisible = 0;
			defaultConfigurationName = Release;
		};
		19E6758B1B029FC000D41FD7 /* Build configuration list for PBXNativeTarget "VideoSample" */ = {
			isa = XCConfigurationList;
			buildConfigurations = (
				19E6758C1B029FC000D41FD7 /* Debug */,
				19E6758D1B029FC000D41FD7 /* Release */,
			);
			defaultConfigurationIsVisible = 0;
		};
		19E6758E1B029FC000D41FD7 /* Build configuration list for PBXNativeTarget "VideoSampleTests" */ = {
			isa = XCConfigurationList;
			buildConfigurations = (
				19E6758F1B029FC000D41FD7 /* Debug */,
				19E675901B029FC000D41FD7 /* Release */,
			);
			defaultConfigurationIsVisible = 0;
		};
/* End XCConfigurationList section */
	};
	rootObject = 19E675641B029FC000D41FD7 /* Project object */;
}
